
Microsoft Visual Studio Solution File, Format Version 12.00
# Visual Studio Version 16
VisualStudioVersion = 16.0.31205.134
MinimumVisualStudioVersion = 10.0.40219.1
Project("{9A19103F-16F7-4668-BE54-9A1E7A4F7556}") = "PasswordStorage", "PasswordStorage\PasswordStorage.csproj", "{8CE386A9-9926-4CBA-8C95-98569416D717}"
EndProject
Project("{2150E333-8FDC-42A3-9474-1A3956D46DE8}") = "PasswordStorage.ViewModel", "PasswordStorage.ViewModel", "{5E07A044-C2B7-4960-AB47-5AAFFE1484D8}"
EndProject
Project("{2150E333-8FDC-42A3-9474-1A3956D46DE8}") = "PasswordStorage.Model", "PasswordStorage.Model", "{7CCC157C-1D52-4062-9880-AEC6181DBA22}"
EndProject
Project("{9A19103F-16F7-4668-BE54-9A1E7A4F7556}") = "ViewModel", "ViewModel\ViewModel.csproj", "{D55A3052-0F28-4601-A11B-69826879C21F}"
EndProject
Project("{9A19103F-16F7-4668-BE54-9A1E7A4F7556}") = "XmlStorage", "XmlStorage\XmlStorage.csproj", "{F3D56462-3BE0-4A95-8B50-FD5E1CEC7DFC}"
EndProject
Project("{2150E333-8FDC-42A3-9474-1A3956D46DE8}") = "__MVVM", "__MVVM", "{40B3D395-BD3B-4E38-A770-B39370C706BE}"
EndProject
Project("{2150E333-8FDC-42A3-9474-1A3956D46DE8}") = "__SampleFiles", "__SampleFiles", "{0640B0AF-07BC-41F7-9AD1-39E0551FF724}"
	ProjectSection(SolutionItems) = preProject
		SampleFiles\ReadStorage.xml = SampleFiles\ReadStorage.xml
		SampleFiles\WriteStorage.xml = SampleFiles\WriteStorage.xml
	EndProjectSection
EndProject
Project("{2150E333-8FDC-42A3-9474-1A3956D46DE8}") = "__ConsoleTest", "__ConsoleTest", "{D72B0702-1433-4B56-A463-FE93623FD280}"
EndProject
Project("{9A19103F-16F7-4668-BE54-9A1E7A4F7556}") = "Test_XmlTextReader", "ReadXmlTest\Test_XmlTextReader.csproj", "{26426CE5-A349-4F72-A306-C09079A4F787}"
EndProject
Project("{2150E333-8FDC-42A3-9474-1A3956D46DE8}") = "_Seems", "_Seems", "{9903808B-093C-4800-A9DC-750AA7979F4D}"
EndProject
Project("{9A19103F-16F7-4668-BE54-9A1E7A4F7556}") = "SeemObject", "IXmlPasswordStorage\SeemObject.csproj", "{F028EA30-8EDC-4B1E-A99F-02ADBDFD0BC4}"
EndProject
Project("{9A19103F-16F7-4668-BE54-9A1E7A4F7556}") = "Test_XmlDocument", "Test_XmlDocument\Test_XmlDocument.csproj", "{E935A106-3B23-4E07-AE8E-7A8AB0C0A23B}"
EndProject
Project("{9A19103F-16F7-4668-BE54-9A1E7A4F7556}") = "Test_XPath", "Test_XPath\Test_XPath.csproj", "{B93B9EF4-A210-4FCA-80A1-BB413D324992}"
EndProject
Project("{9A19103F-16F7-4668-BE54-9A1E7A4F7556}") = "Test_XDocument", "Test_XDocument\Test_XDocument.csproj", "{DC99247B-F25E-452E-94BD-03E4F8949909}"
EndProject
Project("{9A19103F-16F7-4668-BE54-9A1E7A4F7556}") = "ModelTest", "ModelTest\ModelTest.csproj", "{9704E881-16EC-4C16-A829-852FF349D2CF}"
EndProject
Project("{FAE04EC0-301F-11D3-BF4B-00C04F79EFBC}") = "MVVMadds", "MVVMadds\MVVMadds.csproj", "{DA1DAEC4-0C32-4651-B714-D9B1B0FE0900}"
EndProject
Global
	GlobalSection(SolutionConfigurationPlatforms) = preSolution
		Debug|Any CPU = Debug|Any CPU
		Debug|x64 = Debug|x64
		Release|Any CPU = Release|Any CPU
		Release|x64 = Release|x64
	EndGlobalSection
	GlobalSection(ProjectConfigurationPlatforms) = postSolution
		{8CE386A9-9926-4CBA-8C95-98569416D717}.Debug|Any CPU.ActiveCfg = Debug|x64
		{8CE386A9-9926-4CBA-8C95-98569416D717}.Debug|x64.ActiveCfg = Debug|x64
		{8CE386A9-9926-4CBA-8C95-98569416D717}.Debug|x64.Build.0 = Debug|x64
		{8CE386A9-9926-4CBA-8C95-98569416D717}.Release|Any CPU.ActiveCfg = Release|x64
		{8CE386A9-9926-4CBA-8C95-98569416D717}.Release|x64.ActiveCfg = Release|x64
		{8CE386A9-9926-4CBA-8C95-98569416D717}.Release|x64.Build.0 = Release|x64
		{D55A3052-0F28-4601-A11B-69826879C21F}.Debug|Any CPU.ActiveCfg = Debug|Any CPU
		{D55A3052-0F28-4601-A11B-69826879C21F}.Debug|Any CPU.Build.0 = Debug|Any CPU
		{D55A3052-0F28-4601-A11B-69826879C21F}.Debug|x64.ActiveCfg = Debug|x64
		{D55A3052-0F28-4601-A11B-69826879C21F}.Debug|x64.Build.0 = Debug|x64
		{D55A3052-0F28-4601-A11B-69826879C21F}.Release|Any CPU.ActiveCfg = Release|Any CPU
		{D55A3052-0F28-4601-A11B-69826879C21F}.Release|Any CPU.Build.0 = Release|Any CPU
		{D55A3052-0F28-4601-A11B-69826879C21F}.Release|x64.ActiveCfg = Release|Any CPU
		{D55A3052-0F28-4601-A11B-69826879C21F}.Release|x64.Build.0 = Release|Any CPU
		{F3D56462-3BE0-4A95-8B50-FD5E1CEC7DFC}.Debug|Any CPU.ActiveCfg = Debug|Any CPU
		{F3D56462-3BE0-4A95-8B50-FD5E1CEC7DFC}.Debug|Any CPU.Build.0 = Debug|Any CPU
		{F3D56462-3BE0-4A95-8B50-FD5E1CEC7DFC}.Debug|x64.ActiveCfg = Debug|x64
		{F3D56462-3BE0-4A95-8B50-FD5E1CEC7DFC}.Debug|x64.Build.0 = Debug|x64
		{F3D56462-3BE0-4A95-8B50-FD5E1CEC7DFC}.Release|Any CPU.ActiveCfg = Release|Any CPU
		{F3D56462-3BE0-4A95-8B50-FD5E1CEC7DFC}.Release|Any CPU.Build.0 = Release|Any CPU
		{F3D56462-3BE0-4A95-8B50-FD5E1CEC7DFC}.Release|x64.ActiveCfg = Release|Any CPU
		{F3D56462-3BE0-4A95-8B50-FD5E1CEC7DFC}.Release|x64.Build.0 = Release|Any CPU
		{26426CE5-A349-4F72-A306-C09079A4F787}.Debug|Any CPU.ActiveCfg = Debug|Any CPU
		{26426CE5-A349-4F72-A306-C09079A4F787}.Debug|Any CPU.Build.0 = Debug|Any CPU
		{26426CE5-A349-4F72-A306-C09079A4F787}.Debug|x64.ActiveCfg = Debug|x64
		{26426CE5-A349-4F72-A306-C09079A4F787}.Debug|x64.Build.0 = Debug|x64
		{26426CE5-A349-4F72-A306-C09079A4F787}.Release|Any CPU.ActiveCfg = Release|Any CPU
		{26426CE5-A349-4F72-A306-C09079A4F787}.Release|Any CPU.Build.0 = Release|Any CPU
		{26426CE5-A349-4F72-A306-C09079A4F787}.Release|x64.ActiveCfg = Release|Any CPU
		{26426CE5-A349-4F72-A306-C09079A4F787}.Release|x64.Build.0 = Release|Any CPU
		{F028EA30-8EDC-4B1E-A99F-02ADBDFD0BC4}.Debug|Any CPU.ActiveCfg = Debug|Any CPU
		{F028EA30-8EDC-4B1E-A99F-02ADBDFD0BC4}.Debug|Any CPU.Build.0 = Debug|Any CPU
		{F028EA30-8EDC-4B1E-A99F-02ADBDFD0BC4}.Debug|x64.ActiveCfg = Debug|x64
		{F028EA30-8EDC-4B1E-A99F-02ADBDFD0BC4}.Debug|x64.Build.0 = Debug|x64
		{F028EA30-8EDC-4B1E-A99F-02ADBDFD0BC4}.Release|Any CPU.ActiveCfg = Release|Any CPU
		{F028EA30-8EDC-4B1E-A99F-02ADBDFD0BC4}.Release|Any CPU.Build.0 = Release|Any CPU
		{F028EA30-8EDC-4B1E-A99F-02ADBDFD0BC4}.Release|x64.ActiveCfg = Release|Any CPU
		{F028EA30-8EDC-4B1E-A99F-02ADBDFD0BC4}.Release|x64.Build.0 = Release|Any CPU
		{E935A106-3B23-4E07-AE8E-7A8AB0C0A23B}.Debug|Any CPU.ActiveCfg = Debug|Any CPU
		{E935A106-3B23-4E07-AE8E-7A8AB0C0A23B}.Debug|Any CPU.Build.0 = Debug|Any CPU
		{E935A106-3B23-4E07-AE8E-7A8AB0C0A23B}.Debug|x64.ActiveCfg = Debug|x64
		{E935A106-3B23-4E07-AE8E-7A8AB0C0A23B}.Debug|x64.Build.0 = Debug|x64
		{E935A106-3B23-4E07-AE8E-7A8AB0C0A23B}.Release|Any CPU.ActiveCfg = Release|Any CPU
		{E935A106-3B23-4E07-AE8E-7A8AB0C0A23B}.Release|Any CPU.Build.0 = Release|Any CPU
		{E935A106-3B23-4E07-AE8E-7A8AB0C0A23B}.Release|x64.ActiveCfg = Release|Any CPU
		{E935A106-3B23-4E07-AE8E-7A8AB0C0A23B}.Release|x64.Build.0 = Release|Any CPU
		{B93B9EF4-A210-4FCA-80A1-BB413D324992}.Debug|Any CPU.ActiveCfg = Debug|Any CPU
		{B93B9EF4-A210-4FCA-80A1-BB413D324992}.Debug|Any CPU.Build.0 = Debug|Any CPU
		{B93B9EF4-A210-4FCA-80A1-BB413D324992}.Debug|x64.ActiveCfg = Debug|x64
		{B93B9EF4-A210-4FCA-80A1-BB413D324992}.Debug|x64.Build.0 = Debug|x64
		{B93B9EF4-A210-4FCA-80A1-BB413D324992}.Release|Any CPU.ActiveCfg = Release|Any CPU
		{B93B9EF4-A210-4FCA-80A1-BB413D324992}.Release|Any CPU.Build.0 = Release|Any CPU
		{B93B9EF4-A210-4FCA-80A1-BB413D324992}.Release|x64.ActiveCfg = Release|Any CPU
		{B93B9EF4-A210-4FCA-80A1-BB413D324992}.Release|x64.Build.0 = Release|Any CPU
		{DC99247B-F25E-452E-94BD-03E4F8949909}.Debug|Any CPU.ActiveCfg = Debug|Any CPU
		{DC99247B-F25E-452E-94BD-03E4F8949909}.Debug|Any CPU.Build.0 = Debug|Any CPU
		{DC99247B-F25E-452E-94BD-03E4F8949909}.Debug|x64.ActiveCfg = Debug|x64
		{DC99247B-F25E-452E-94BD-03E4F8949909}.Debug|x64.Build.0 = Debug|x64
		{DC99247B-F25E-452E-94BD-03E4F8949909}.Release|Any CPU.ActiveCfg = Release|Any CPU
		{DC99247B-F25E-452E-94BD-03E4F8949909}.Release|Any CPU.Build.0 = Release|Any CPU
		{DC99247B-F25E-452E-94BD-03E4F8949909}.Release|x64.ActiveCfg = Release|Any CPU
		{DC99247B-F25E-452E-94BD-03E4F8949909}.Release|x64.Build.0 = Release|Any CPU
		{9704E881-16EC-4C16-A829-852FF349D2CF}.Debug|Any CPU.ActiveCfg = Debug|x64
		{9704E881-16EC-4C16-A829-852FF349D2CF}.Debug|x64.ActiveCfg = Debug|x64
		{9704E881-16EC-4C16-A829-852FF349D2CF}.Debug|x64.Build.0 = Debug|x64
		{9704E881-16EC-4C16-A829-852FF349D2CF}.Release|Any CPU.ActiveCfg = Release|x64
		{9704E881-16EC-4C16-A829-852FF349D2CF}.Release|x64.ActiveCfg = Release|x64
		{DA1DAEC4-0C32-4651-B714-D9B1B0FE0900}.Debug|Any CPU.ActiveCfg = Debug|Any CPU
		{DA1DAEC4-0C32-4651-B714-D9B1B0FE0900}.Debug|Any CPU.Build.0 = Debug|Any CPU
		{DA1DAEC4-0C32-4651-B714-D9B1B0FE0900}.Debug|x64.ActiveCfg = Debug|x64
		{DA1DAEC4-0C32-4651-B714-D9B1B0FE0900}.Debug|x64.Build.0 = Debug|x64
		{DA1DAEC4-0C32-4651-B714-D9B1B0FE0900}.Release|Any CPU.ActiveCfg = Release|Any CPU
		{DA1DAEC4-0C32-4651-B714-D9B1B0FE0900}.Release|Any CPU.Build.0 = Release|Any CPU
		{DA1DAEC4-0C32-4651-B714-D9B1B0FE0900}.Release|x64.ActiveCfg = Release|x64
		{DA1DAEC4-0C32-4651-B714-D9B1B0FE0900}.Release|x64.Build.0 = Release|x64
	EndGlobalSection
	GlobalSection(SolutionProperties) = preSolution
		HideSolutionNode = FALSE
	EndGlobalSection
	GlobalSection(NestedProjects) = preSolution
		{D55A3052-0F28-4601-A11B-69826879C21F} = {5E07A044-C2B7-4960-AB47-5AAFFE1484D8}
		{F3D56462-3BE0-4A95-8B50-FD5E1CEC7DFC} = {7CCC157C-1D52-4062-9880-AEC6181DBA22}
		{26426CE5-A349-4F72-A306-C09079A4F787} = {D72B0702-1433-4B56-A463-FE93623FD280}
		{F028EA30-8EDC-4B1E-A99F-02ADBDFD0BC4} = {9903808B-093C-4800-A9DC-750AA7979F4D}
		{E935A106-3B23-4E07-AE8E-7A8AB0C0A23B} = {D72B0702-1433-4B56-A463-FE93623FD280}
		{B93B9EF4-A210-4FCA-80A1-BB413D324992} = {D72B0702-1433-4B56-A463-FE93623FD280}
		{DC99247B-F25E-452E-94BD-03E4F8949909} = {D72B0702-1433-4B56-A463-FE93623FD280}
		{9704E881-16EC-4C16-A829-852FF349D2CF} = {D72B0702-1433-4B56-A463-FE93623FD280}
		{DA1DAEC4-0C32-4651-B714-D9B1B0FE0900} = {40B3D395-BD3B-4E38-A770-B39370C706BE}
	EndGlobalSection
	GlobalSection(ExtensibilityGlobals) = postSolution
		SolutionGuid = {9C582F06-8714-4ADD-A85C-13109F0335CA}
	EndGlobalSection
EndGlobal
